
Microsoft Visual Studio Solution File, Format Version 10.00
# Visual Studio 2008
Project("{8BC9CEB8-8B4A-11D0-8D11-00A0C91BC942}") = "stduyMFC", "stduyMFC\stduyMFC.vcproj", "{56B4E2CA-A157-41E1-94BD-B63DB0F133E5}"
EndProject
Project("{8BC9CEB8-8B4A-11D0-8D11-00A0C91BC942}") = "studyFunc", "studyFunc\studyFunc.vcproj", "{FCE1F1DA-3D1D-4BB3-AD33-A6B8DFE7E68C}"
EndProject
Global
	GlobalSection(SolutionConfigurationPlatforms) = preSolution
		Debug|Win32 = Debug|Win32
		Release|Win32 = Release|Win32
	EndGlobalSection
	GlobalSection(ProjectConfigurationPlatforms) = postSolution
		{56B4E2CA-A157-41E1-94BD-B63DB0F133E5}.Debug|Win32.ActiveCfg = Debug|Win32
		{56B4E2CA-A157-41E1-94BD-B63DB0F133E5}.Debug|Win32.Build.0 = Debug|Win32
		{56B4E2CA-A157-41E1-94BD-B63DB0F133E5}.Release|Win32.ActiveCfg = Release|Win32
		{56B4E2CA-A157-41E1-94BD-B63DB0F133E5}.Release|Win32.Build.0 = Release|Win32
		{FCE1F1DA-3D1D-4BB3-AD33-A6B8DFE7E68C}.Debug|Win32.ActiveCfg = Debug|Win32
		{FCE1F1DA-3D1D-4BB3-AD33-A6B8DFE7E68C}.Debug|Win32.Build.0 = Debug|Win32
		{FCE1F1DA-3D1D-4BB3-AD33-A6B8DFE7E68C}.Release|Win32.ActiveCfg = Release|Win32
		{FCE1F1DA-3D1D-4BB3-AD33-A6B8DFE7E68C}.Release|Win32.Build.0 = Release|Win32
	EndGlobalSection
	GlobalSection(SolutionProperties) = preSolution
		HideSolutionNode = FALSE
	EndGlobalSection
EndGlobal
